Microsoft Visual Studio Solution File, Format Version 8.00
Project("{8BC9CEB8-8B4A-11D0-8D11-00A0C91BC942}") = "matrixtrails", "src\matrixtrails.vcproj", "{DD54E288-DEC9-41D3-A1CB-A05645CD0787}"
	ProjectSection(ProjectDependencies) = postProject
	EndProjectSection
EndProject
Project("{8BC9CEB8-8B4A-11D0-8D11-00A0C91BC942}") = "MatrixTrailsRunner", "test\MatrixTrailsRunner.vcproj", "{E6B7A1C2-3F4D-4A9B-8C21-7D5E9A0B1C34}"
	ProjectSection(ProjectDependencies) = postProject
	EndProjectSection
EndProject
Global
	GlobalSection(SolutionConfiguration) = preSolution
		Debug = Debug
		Release = Release
	EndGlobalSection
	GlobalSection(ProjectConfiguration) = postSolution
		{DD54E288-DEC9-41D3-A1CB-A05645CD0787}.Debug.ActiveCfg = Debug|Win32
		{DD54E288-DEC9-41D3-A1CB-A05645CD0787}.Debug.Build.0 = Debug|Win32
		{DD54E288-DEC9-41D3-A1CB-A05645CD0787}.Release.ActiveCfg = Release|Win32
		{DD54E288-DEC9-41D3-A1CB-A05645CD0787}.Release.Build.0 = Release|Win32
		{E6B7A1C2-3F4D-4A9B-8C21-7D5E9A0B1C34}.Debug.ActiveCfg = Debug|Xbox
		{E6B7A1C2-3F4D-4A9B-8C21-7D5E9A0B1C34}.Debug.Build.0 = Debug|Xbox
		{E6B7A1C2-3F4D-4A9B-8C21-7D5E9A0B1C34}.Release.ActiveCfg = Release|Xbox
		{E6B7A1C2-3F4D-4A9B-8C21-7D5E9A0B1C34}.Release.Build.0 = Release|Xbox
	EndGlobalSection
	GlobalSection(ExtensibilityGlobals) = postSolution
	EndGlobalSection
	GlobalSection(ExtensibilityAddIns) = postSolution
	EndGlobalSection
EndGlobal
